
Microsoft Visual Studio Solution File, Format Version 12.00
# Visual Studio 15
VisualStudioVersion = 15.0.27130.2036
MinimumVisualStudioVersion = 10.0.40219.1
Project("{FAE04EC0-301F-11D3-BF4B-00C04F79EFBC}") = "MyWebSearch", "MyWebSearch\MyWebSearch.csproj", "{15BB325F-BA3A-4D57-A167-9BB643FB139D}"
EndProject
Global
	GlobalSection(SolutionConfigurationPlatforms) = preSolution
		Debug|Any CPU = Debug|Any CPU
		Release|Any CPU = Release|Any CPU
	EndGlobalSection
	GlobalSection(ProjectConfigurationPlatforms) = postSolution
		{15BB325F-BA3A-4D57-A167-9BB643FB139D}.Debug|Any CPU.ActiveCfg = Debug|Any CPU
		{15BB325F-BA3A-4D57-A167-9BB643FB139D}.Debug|Any CPU.Build.0 = Debug|Any CPU
		{15BB325F-BA3A-4D57-A167-9BB643FB139D}.Release|Any CPU.ActiveCfg = Release|Any CPU
		{15BB325F-BA3A-4D57-A167-9BB643FB139D}.Release|Any CPU.Build.0 = Release|Any CPU
	EndGlobalSection
	GlobalSection(SolutionProperties) = preSolution
		HideSolutionNode = FALSE
	EndGlobalSection
	GlobalSection(ExtensibilityGlobals) = postSolution
		SolutionGuid = {F53DF689-C3DD-4D96-A2A2-A06503BF2BBD}
	EndGlobalSection
EndGlobal
